
Microsoft Visual Studio Solution File, Format Version 12.00
# Visual Studio Version 17
VisualStudioVersion = 17.4.33122.133
MinimumVisualStudioVersion = 10.0.40219.1
Project("{FAE04EC0-301F-11D3-BF4B-00C04F79EFBC}") = "CSharp", "CSharp.csproj", "{C976BF79-9032-4FA5-917C-EFA0F45B1B09}"
EndProject
Global
	GlobalSection(SolutionConfigurationPlatforms) = preSolution
		Debug|Any CPU = Debug|Any CPU
		Release|Any CPU = Release|Any CPU
	EndGlobalSection
	GlobalSection(ProjectConfigurationPlatforms) = postSolution
		{C976BF79-9032-4FA5-917C-EFA0F45B1B09}.Debug|Any CPU.ActiveCfg = Debug|Any CPU
		{C976BF79-9032-4FA5-917C-EFA0F45B1B09}.Debug|Any CPU.Build.0 = Debug|Any CPU
		{C976BF79-9032-4FA5-917C-EFA0F45B1B09}.Release|Any CPU.ActiveCfg = Release|Any CPU
		{C976BF79-9032-4FA5-917C-EFA0F45B1B09}.Release|Any CPU.Build.0 = Release|Any CPU
	EndGlobalSection
	GlobalSection(SolutionProperties) = preSolution
		HideSolutionNode = FALSE
	EndGlobalSection
	GlobalSection(ExtensibilityGlobals) = postSolution
		SolutionGuid = {1D107066-9718-4178-89DA-B06C20B3DEDD}
	EndGlobalSection
EndGlobal
