
Microsoft Visual Studio Solution File, Format Version 12.00
# Visual Studio Version 17
VisualStudioVersion = 17.4.33122.133
MinimumVisualStudioVersion = 10.0.40219.1
Project("{FAE04EC0-301F-11D3-BF4B-00C04F79EFBC}") = "Treino2", "Treino2.csproj", "{72B5B2B2-459C-4E13-934E-58CB941097B5}"
EndProject
Global
	GlobalSection(SolutionConfigurationPlatforms) = preSolution
		Debug|Any CPU = Debug|Any CPU
		Release|Any CPU = Release|Any CPU
	EndGlobalSection
	GlobalSection(ProjectConfigurationPlatforms) = postSolution
		{72B5B2B2-459C-4E13-934E-58CB941097B5}.Debug|Any CPU.ActiveCfg = Debug|Any CPU
		{72B5B2B2-459C-4E13-934E-58CB941097B5}.Debug|Any CPU.Build.0 = Debug|Any CPU
		{72B5B2B2-459C-4E13-934E-58CB941097B5}.Release|Any CPU.ActiveCfg = Release|Any CPU
		{72B5B2B2-459C-4E13-934E-58CB941097B5}.Release|Any CPU.Build.0 = Release|Any CPU
	EndGlobalSection
	GlobalSection(SolutionProperties) = preSolution
		HideSolutionNode = FALSE
	EndGlobalSection
	GlobalSection(ExtensibilityGlobals) = postSolution
		SolutionGuid = {3818DDD6-1449-44EF-9EC3-FA0A2559EE65}
	EndGlobalSection
EndGlobal
